{
  "name": "basic",
  "version": "1.0.0",
  "lockfileVersion": 1,
  "requires": true,
  "dependencies": {
    "exam-cc": {
      "version": "1.1.17",
      "resolved": "https://registry.npmjs.org/exam-cc/-/exam-cc-1.1.17.tgz",
      "integrity": "sha512-oko1sOgChxmG1eKssM9o3hFtTwC7hcTLsKD6tPRKKmzCQWW/tbPiENGJa2fnvt1zk6Asy+D8ycgXM3kovyzIuA==",
      "requires": {
        "prompt-sync": "4.1.6"
      }
    },
    "prompt-sync": {
      "version": "4.1.6",
      "resolved": "https://registry.npmjs.org/prompt-sync/-/prompt-sync-4.1.6.tgz",
      "integrity": "sha512-dYjDha0af2vefm6soqnPnFEz2tAzwH/kb+pPoaCohRoPUxFXj+mymkOFgxX7Ylv59TdEr7OzktEizdK7MIMvIw=="
    }
  }
}
