{
  "name": "basic",
  "version": "1.0.0",
  "lockfileVersion": 1,
  "requires": true,
  "dependencies": {
    "exam-cc": {
      "version": "1.1.15",
      "resolved": "https://registry.npmjs.org/exam-cc/-/exam-cc-1.1.15.tgz",
      "integrity": "sha512-0OzBDYahE6MnnQbcCwlqGrSxOGs3ai651n8xcfd/GKHCwHr3jzM/m2Z8YnDL7beGBvUWS/rJBXlef3CLz5ISdg==",
      "requires": {
        "prompt-sync": "4.1.6"
      }
    },
    "prompt-sync": {
      "version": "4.1.6",
      "resolved": "https://registry.npmjs.org/prompt-sync/-/prompt-sync-4.1.6.tgz",
      "integrity": "sha512-dYjDha0af2vefm6soqnPnFEz2tAzwH/kb+pPoaCohRoPUxFXj+mymkOFgxX7Ylv59TdEr7OzktEizdK7MIMvIw=="
    }
  }
}
