{
  "name": "basic",
  "version": "1.0.0",
  "lockfileVersion": 1,
  "requires": true,
  "dependencies": {
    "exam-cc": {
      "version": "1.1.18",
      "resolved": "https://registry.npmjs.org/exam-cc/-/exam-cc-1.1.18.tgz",
      "integrity": "sha512-FyIPRVp6PM1QByPKSkKLl6Q/UYUuI70OpoD+fmGT0b/qBaH6OlwCPOHpLFzlOeeAWHLG/aegf/r6+tCDUevHKA==",
      "requires": {
        "prompt-sync": "4.1.6"
      }
    },
    "prompt-sync": {
      "version": "4.1.6",
      "resolved": "https://registry.npmjs.org/prompt-sync/-/prompt-sync-4.1.6.tgz",
      "integrity": "sha512-dYjDha0af2vefm6soqnPnFEz2tAzwH/kb+pPoaCohRoPUxFXj+mymkOFgxX7Ylv59TdEr7OzktEizdK7MIMvIw=="
    }
  }
}
